
Microsoft Visual Studio Solution File, Format Version 12.00
# Visual Studio Version 16
VisualStudioVersion = 16.0.30804.86
MinimumVisualStudioVersion = 10.0.40219.1
Project("{FAE04EC0-301F-11D3-BF4B-00C04F79EFBC}") = "PortfolioApp2.Android", "PortfolioApp2\PortfolioApp2.Android\PortfolioApp2.Android.csproj", "{022458DF-035D-4AC6-BB82-C03AE74EDC19}"
EndProject
Project("{FAE04EC0-301F-11D3-BF4B-00C04F79EFBC}") = "PortfolioApp2.iOS", "PortfolioApp2\PortfolioApp2.iOS\PortfolioApp2.iOS.csproj", "{A989A86A-7844-4BA3-AE2E-3BD62FC4DE2C}"
EndProject
Project("{FAE04EC0-301F-11D3-BF4B-00C04F79EFBC}") = "PortfolioApp2", "PortfolioApp2\PortfolioApp2\PortfolioApp2.csproj", "{CAEF5D24-C8CE-4130-8A68-081DEABD04C4}"
EndProject
Global
	GlobalSection(SolutionConfigurationPlatforms) = preSolution
		Debug|Any CPU = Debug|Any CPU
		Debug|iPhone = Debug|iPhone
		Debug|iPhoneSimulator = Debug|iPhoneSimulator
		Release|Any CPU = Release|Any CPU
		Release|iPhone = Release|iPhone
		Release|iPhoneSimulator = Release|iPhoneSimulator
	EndGlobalSection
	GlobalSection(ProjectConfigurationPlatforms) = postSolution
		{022458DF-035D-4AC6-BB82-C03AE74EDC19}.Debug|Any CPU.ActiveCfg = Debug|Any CPU
		{022458DF-035D-4AC6-BB82-C03AE74EDC19}.Debug|Any CPU.Build.0 = Debug|Any CPU
		{022458DF-035D-4AC6-BB82-C03AE74EDC19}.Debug|Any CPU.Deploy.0 = Debug|Any CPU
		{022458DF-035D-4AC6-BB82-C03AE74EDC19}.Debug|iPhone.ActiveCfg = Debug|Any CPU
		{022458DF-035D-4AC6-BB82-C03AE74EDC19}.Debug|iPhone.Build.0 = Debug|Any CPU
		{022458DF-035D-4AC6-BB82-C03AE74EDC19}.Debug|iPhone.Deploy.0 = Debug|Any CPU
		{022458DF-035D-4AC6-BB82-C03AE74EDC19}.Debug|iPhoneSimulator.ActiveCfg = Debug|Any CPU
		{022458DF-035D-4AC6-BB82-C03AE74EDC19}.Debug|iPhoneSimulator.Build.0 = Debug|Any CPU
		{022458DF-035D-4AC6-BB82-C03AE74EDC19}.Debug|iPhoneSimulator.Deploy.0 = Debug|Any CPU
		{022458DF-035D-4AC6-BB82-C03AE74EDC19}.Release|Any CPU.ActiveCfg = Release|Any CPU
		{022458DF-035D-4AC6-BB82-C03AE74EDC19}.Release|Any CPU.Build.0 = Release|Any CPU
		{022458DF-035D-4AC6-BB82-C03AE74EDC19}.Release|Any CPU.Deploy.0 = Release|Any CPU
		{022458DF-035D-4AC6-BB82-C03AE74EDC19}.Release|iPhone.ActiveCfg = Release|Any CPU
		{022458DF-035D-4AC6-BB82-C03AE74EDC19}.Release|iPhone.Build.0 = Release|Any CPU
		{022458DF-035D-4AC6-BB82-C03AE74EDC19}.Release|iPhone.Deploy.0 = Release|Any CPU
		{022458DF-035D-4AC6-BB82-C03AE74EDC19}.Release|iPhoneSimulator.ActiveCfg = Release|Any CPU
		{022458DF-035D-4AC6-BB82-C03AE74EDC19}.Release|iPhoneSimulator.Build.0 = Release|Any CPU
		{022458DF-035D-4AC6-BB82-C03AE74EDC19}.Release|iPhoneSimulator.Deploy.0 = Release|Any CPU
		{A989A86A-7844-4BA3-AE2E-3BD62FC4DE2C}.Debug|Any CPU.ActiveCfg = Debug|iPhone
		{A989A86A-7844-4BA3-AE2E-3BD62FC4DE2C}.Debug|Any CPU.Build.0 = Debug|iPhone
		{A989A86A-7844-4BA3-AE2E-3BD62FC4DE2C}.Debug|Any CPU.Deploy.0 = Debug|iPhone
		{A989A86A-7844-4BA3-AE2E-3BD62FC4DE2C}.Debug|iPhone.ActiveCfg = Debug|iPhone
		{A989A86A-7844-4BA3-AE2E-3BD62FC4DE2C}.Debug|iPhone.Build.0 = Debug|iPhone
		{A989A86A-7844-4BA3-AE2E-3BD62FC4DE2C}.Debug|iPhone.Deploy.0 = Debug|iPhone
		{A989A86A-7844-4BA3-AE2E-3BD62FC4DE2C}.Debug|iPhoneSimulator.ActiveCfg = Debug|iPhoneSimulator
		{A989A86A-7844-4BA3-AE2E-3BD62FC4DE2C}.Debug|iPhoneSimulator.Build.0 = Debug|iPhoneSimulator
		{A989A86A-7844-4BA3-AE2E-3BD62FC4DE2C}.Debug|iPhoneSimulator.Deploy.0 = Debug|iPhoneSimulator
		{A989A86A-7844-4BA3-AE2E-3BD62FC4DE2C}.Release|Any CPU.ActiveCfg = Release|iPhoneSimulator
		{A989A86A-7844-4BA3-AE2E-3BD62FC4DE2C}.Release|Any CPU.Build.0 = Release|iPhoneSimulator
		{A989A86A-7844-4BA3-AE2E-3BD62FC4DE2C}.Release|Any CPU.Deploy.0 = Release|iPhoneSimulator
		{A989A86A-7844-4BA3-AE2E-3BD62FC4DE2C}.Release|iPhone.ActiveCfg = Release|iPhone
		{A989A86A-7844-4BA3-AE2E-3BD62FC4DE2C}.Release|iPhone.Build.0 = Release|iPhone
		{A989A86A-7844-4BA3-AE2E-3BD62FC4DE2C}.Release|iPhone.Deploy.0 = Release|iPhone
		{A989A86A-7844-4BA3-AE2E-3BD62FC4DE2C}.Release|iPhoneSimulator.ActiveCfg = Release|iPhoneSimulator
		{A989A86A-7844-4BA3-AE2E-3BD62FC4DE2C}.Release|iPhoneSimulator.Build.0 = Release|iPhoneSimulator
		{A989A86A-7844-4BA3-AE2E-3BD62FC4DE2C}.Release|iPhoneSimulator.Deploy.0 = Release|iPhoneSimulator
		{CAEF5D24-C8CE-4130-8A68-081DEABD04C4}.Debug|Any CPU.ActiveCfg = Debug|Any CPU
		{CAEF5D24-C8CE-4130-8A68-081DEABD04C4}.Debug|Any CPU.Build.0 = Debug|Any CPU
		{CAEF5D24-C8CE-4130-8A68-081DEABD04C4}.Debug|Any CPU.Deploy.0 = Debug|Any CPU
		{CAEF5D24-C8CE-4130-8A68-081DEABD04C4}.Debug|iPhone.ActiveCfg = Debug|Any CPU
		{CAEF5D24-C8CE-4130-8A68-081DEABD04C4}.Debug|iPhone.Build.0 = Debug|Any CPU
		{CAEF5D24-C8CE-4130-8A68-081DEABD04C4}.Debug|iPhone.Deploy.0 = Debug|Any CPU
		{CAEF5D24-C8CE-4130-8A68-081DEABD04C4}.Debug|iPhoneSimulator.ActiveCfg = Debug|Any CPU
		{CAEF5D24-C8CE-4130-8A68-081DEABD04C4}.Debug|iPhoneSimulator.Build.0 = Debug|Any CPU
		{CAEF5D24-C8CE-4130-8A68-081DEABD04C4}.Debug|iPhoneSimulator.Deploy.0 = Debug|Any CPU
		{CAEF5D24-C8CE-4130-8A68-081DEABD04C4}.Release|Any CPU.ActiveCfg = Release|Any CPU
		{CAEF5D24-C8CE-4130-8A68-081DEABD04C4}.Release|Any CPU.Build.0 = Release|Any CPU
		{CAEF5D24-C8CE-4130-8A68-081DEABD04C4}.Release|Any CPU.Deploy.0 = Release|Any CPU
		{CAEF5D24-C8CE-4130-8A68-081DEABD04C4}.Release|iPhone.ActiveCfg = Release|Any CPU
		{CAEF5D24-C8CE-4130-8A68-081DEABD04C4}.Release|iPhone.Build.0 = Release|Any CPU
		{CAEF5D24-C8CE-4130-8A68-081DEABD04C4}.Release|iPhone.Deploy.0 = Release|Any CPU
		{CAEF5D24-C8CE-4130-8A68-081DEABD04C4}.Release|iPhoneSimulator.ActiveCfg = Release|Any CPU
		{CAEF5D24-C8CE-4130-8A68-081DEABD04C4}.Release|iPhoneSimulator.Build.0 = Release|Any CPU
		{CAEF5D24-C8CE-4130-8A68-081DEABD04C4}.Release|iPhoneSimulator.Deploy.0 = Release|Any CPU
	EndGlobalSection
	GlobalSection(SolutionProperties) = preSolution
		HideSolutionNode = FALSE
	EndGlobalSection
	GlobalSection(ExtensibilityGlobals) = postSolution
		SolutionGuid = {630C7E7A-CFB2-4060-A21B-DDA12728BCE6}
	EndGlobalSection
EndGlobal
